
Microsoft Visual Studio Solution File, Format Version 12.00
# Visual Studio 2013
VisualStudioVersion = 12.0.30324.0
MinimumVisualStudioVersion = 10.0.40219.1
Project("{9092AA53-FB77-4645-B42D-1CCCA6BD08BD}") = "Zza-Node-Mongo", "Zza-Node-Mongo.njsproj", "{1C620AEF-EA1E-4AA9-B2D2-63CDA374C530}"
EndProject
Global
	GlobalSection(SolutionConfigurationPlatforms) = preSolution
		Debug|Any CPU = Debug|Any CPU
		Release|Any CPU = Release|Any CPU
	EndGlobalSection
	GlobalSection(ProjectConfigurationPlatforms) = postSolution
		{1C620AEF-EA1E-4AA9-B2D2-63CDA374C530}.Debug|Any CPU.ActiveCfg = Debug|Any CPU
		{1C620AEF-EA1E-4AA9-B2D2-63CDA374C530}.Debug|Any CPU.Build.0 = Debug|Any CPU
		{1C620AEF-EA1E-4AA9-B2D2-63CDA374C530}.Release|Any CPU.ActiveCfg = Release|Any CPU
		{1C620AEF-EA1E-4AA9-B2D2-63CDA374C530}.Release|Any CPU.Build.0 = Release|Any CPU
	EndGlobalSection
	GlobalSection(SolutionProperties) = preSolution
		HideSolutionNode = FALSE
	EndGlobalSection
EndGlobal
